# THIS IS AN AUTOGENERATED FILE. DO NOT EDIT THIS FILE DIRECTLY.
# yarn lockfile v1


dayjs@^1.8.15:
  version "1.8.20"
  resolved "https://registry.npm.taobao.org/dayjs/download/dayjs-1.8.20.tgz#724a5cb6ad1f6fc066b0bd9a800dedcc7886f19e"
  integrity sha1-ckpctq0fb8BmsL2agA3tzHiG8Z4=

is-number@^7.0.0:
  version "7.0.0"
  resolved "https://registry.npm.taobao.org/is-number/download/is-number-7.0.0.tgz#7535345b896734d5f80c4d06c50955527a14f12b"
  integrity sha1-dTU0W4lnNNX4DE0GxQlVUnoU8Ss=

lodash.clonedeep@^4.5.0:
  version "4.5.0"
  resolved "https://registry.npm.taobao.org/lodash.clonedeep/download/lodash.clonedeep-4.5.0.tgz#e23f3f9c4f8fbdde872529c1071857a086e5ccef"
  integrity sha1-4j8/nE+Pvd6HJSnBBxhXoIblzO8=

throttle-debounce@^2.1.0:
  version "2.1.0"
  resolved "https://registry.npm.taobao.org/throttle-debounce/download/throttle-debounce-2.1.0.tgz#257e648f0a56bd9e54fe0f132c4ab8611df4e1d5"
  integrity sha1-JX5kjwpWvZ5U/g8TLEq4YR304dU=

vue-ele-form@^0.8.10:
  version "0.8.10"
  resolved "https://registry.npm.taobao.org/vue-ele-form/download/vue-ele-form-0.8.10.tgz#4502ab0da791db1a407e0547f635cb2b18862ac3"
  integrity sha1-RQKrDaeR2xpAfgVH9jXLKxiGKsM=
  dependencies:
    dayjs "^1.8.15"
    is-number "^7.0.0"
    lodash.clonedeep "^4.5.0"
    throttle-debounce "^2.1.0"
